Microsoft Visual Studio Solution File, Format Version 12.00
# Visual Studio Version 17
VisualStudioVersion = 17.0.31903.59
MinimumVisualStudioVersion = 10.0.40219.1
Project("{FAE04EC0-301F-11D3-BF4B-00C04F79EFBC}") = "XDockCertSync.Core", "src\XDockCertSync.Core\XDockCertSync.Core.csproj", "{C8CB45A1-A39C-42A4-BFD7-7286F5E46600}"
EndProject
Project("{FAE04EC0-301F-11D3-BF4B-00C04F79EFBC}") = "XDockCertSync.Infrastructure", "src\XDockCertSync.Infrastructure\XDockCertSync.Infrastructure.csproj", "{5D72A4F3-0768-4CD6-BF6C-6A17A55CB9B0}"
EndProject
Project("{FAE04EC0-301F-11D3-BF4B-00C04F79EFBC}") = "XDockCertSync.Persistence", "src\XDockCertSync.Persistence\XDockCertSync.Persistence.csproj", "{57B07039-6DC9-46F0-9762-7A26E4F50D59}"
EndProject
Project("{FAE04EC0-301F-11D3-BF4B-00C04F79EFBC}") = "XDockCertSync.App", "src\XDockCertSync.App\XDockCertSync.App.csproj", "{8EBD96A3-B860-41CF-986A-4A04A6498120}"
EndProject
Global
	GlobalSection(SolutionConfigurationPlatforms) = preSolution
		Debug|Any CPU = Debug|Any CPU
		Release|Any CPU = Release|Any CPU
	EndGlobalSection
	GlobalSection(ProjectConfigurationPlatforms) = postSolution
		{C8CB45A1-A39C-42A4-BFD7-7286F5E46600}.Debug|Any CPU.ActiveCfg = Debug|Any CPU
		{C8CB45A1-A39C-42A4-BFD7-7286F5E46600}.Debug|Any CPU.Build.0 = Debug|Any CPU
		{C8CB45A1-A39C-42A4-BFD7-7286F5E46600}.Release|Any CPU.ActiveCfg = Release|Any CPU
		{C8CB45A1-A39C-42A4-BFD7-7286F5E46600}.Release|Any CPU.Build.0 = Release|Any CPU
		{5D72A4F3-0768-4CD6-BF6C-6A17A55CB9B0}.Debug|Any CPU.ActiveCfg = Debug|Any CPU
		{5D72A4F3-0768-4CD6-BF6C-6A17A55CB9B0}.Debug|Any CPU.Build.0 = Debug|Any CPU
		{5D72A4F3-0768-4CD6-BF6C-6A17A55CB9B0}.Release|Any CPU.ActiveCfg = Release|Any CPU
		{5D72A4F3-0768-4CD6-BF6C-6A17A55CB9B0}.Release|Any CPU.Build.0 = Release|Any CPU
		{57B07039-6DC9-46F0-9762-7A26E4F50D59}.Debug|Any CPU.ActiveCfg = Debug|Any CPU
		{57B07039-6DC9-46F0-9762-7A26E4F50D59}.Debug|Any CPU.Build.0 = Debug|Any CPU
		{57B07039-6DC9-46F0-9762-7A26E4F50D59}.Release|Any CPU.ActiveCfg = Release|Any CPU
		{57B07039-6DC9-46F0-9762-7A26E4F50D59}.Release|Any CPU.Build.0 = Release|Any CPU
		{8EBD96A3-B860-41CF-986A-4A04A6498120}.Debug|Any CPU.ActiveCfg = Debug|Any CPU
		{8EBD96A3-B860-41CF-986A-4A04A6498120}.Debug|Any CPU.Build.0 = Debug|Any CPU
		{8EBD96A3-B860-41CF-986A-4A04A6498120}.Release|Any CPU.ActiveCfg = Release|Any CPU
		{8EBD96A3-B860-41CF-986A-4A04A6498120}.Release|Any CPU.Build.0 = Release|Any CPU
	EndGlobalSection
EndGlobal
